// !$*UTF8*$!
{
	archiveVersion = 1;
	classes = {
	};
	objectVersion = 56;
	objects = {

/* Begin PBXBuildFile section */
		E54D2F292D5DFBE4000BEF59 /* tukang_bakso_appApp.swift in Sources */ = {isa = PBXBuildFile; fileRef = E54D2F282D5DFBE4000BEF59 /* tukang_bakso_appApp.swift */; };
		E54D2F2B2D5DFBE4000BEF59 /* ContentView.swift in Sources */ = {isa = PBXBuildFile; fileRef = E54D2F2A2D5DFBE4000BEF59 /* ContentView.swift */; };
		E54D2F2D2D5DFBE5000BEF59 /* Assets.xcassets in Resources */ = {isa = PBXBuildFile; fileRef = E54D2F2C2D5DFBE5000BEF59 /* Assets.xcassets */; };
		E54D2F302D5DFBE5000BEF59 /* Preview Assets.xcassets in Resources */ = {isa = PBXBuildFile; fileRef = E54D2F2F2D5DFBE5000BEF59 /* Preview Assets.xcassets */; };
		E54D2F3A2D5DFBE6000BEF59 /* tukang_bakso_appTests.swift in Sources */ = {isa = PBXBuildFile; fileRef = E54D2F392D5DFBE6000BEF59 /* tukang_bakso_appTests.swift */; };
		E54D2F442D5DFBE6000BEF59 /* tukang_bakso_appUITests.swift in Sources */ = {isa = PBXBuildFile; fileRef = E54D2F432D5DFBE6000BEF59 /* tukang_bakso_appUITests.swift */; };
		E54D2F462D5DFBE6000BEF59 /* tukang_bakso_appUITestsLaunchTests.swift in Sources */ = {isa = PBXBuildFile; fileRef = E54D2F452D5DFBE6000BEF59 /* tukang_bakso_appUITestsLaunchTests.swift */; };
/* End PBXBuildFile section */

/* Begin PBXContainerItemProxy section */
		E54D2F362D5DFBE6000BEF59 /* PBXContainerItemProxy */ = {
			isa = PBXContainerItemProxy;
			containerPortal = E54D2F1D2D5DFBE4000BEF59 /* Project object */;
			proxyType = 1;
			remoteGlobalIDString = E54D2F242D5DFBE4000BEF59;
			remoteInfo = "tukang-bakso-app";
		};
		E54D2F402D5DFBE6000BEF59 /* PBXContainerItemProxy */ = {
			isa = PBXContainerItemProxy;
			containerPortal = E54D2F1D2D5DFBE4000BEF59 /* Project object */;
			proxyType = 1;
			remoteGlobalIDString = E54D2F242D5DFBE4000BEF59;
			remoteInfo = "tukang-bakso-app";
		};
/* End PBXContainerItemProxy section */

/* Begin PBXFileReference section */
		E54D2F252D5DFBE4000BEF59 /* tukang-bakso-app.app */ = {isa = PBXFileReference; explicitFileType = wrapper.application; includeInIndex = 0; path = "tukang-bakso-app.app"; sourceTree = BUILT_PRODUCTS_DIR; };
		E54D2F282D5DFBE4000BEF59 /* tukang_bakso_appApp.swift */ = {isa = PBXFileReference; lastKnownFileType = sourcecode.swift; path = tukang_bakso_appApp.swift; sourceTree = "<group>"; };
		E54D2F2A2D5DFBE4000BEF59 /* ContentView.swift */ = {isa = PBXFileReference; lastKnownFileType = sourcecode.swift; path = ContentView.swift; sourceTree = "<group>"; };
		E54D2F2C2D5DFBE5000BEF59 /* Assets.xcassets */ = {isa = PBXFileReference; lastKnownFileType = folder.assetcatalog; path = Assets.xcassets; sourceTree = "<group>"; };
		E54D2F2F2D5DFBE5000BEF59 /* Preview Assets.xcassets */ = {isa = PBXFileReference; lastKnownFileType = folder.assetcatalog; path = "Preview Assets.xcassets"; sourceTree = "<group>"; };
		E54D2F352D5DFBE6000BEF59 /* tukang-bakso-appTests.xctest */ = {isa = PBXFileReference; explicitFileType = wrapper.cfbundle; includeInIndex = 0; path = "tukang-bakso-appTests.xctest"; sourceTree = BUILT_PRODUCTS_DIR; };
		E54D2F392D5DFBE6000BEF59 /* tukang_bakso_appTests.swift */ = {isa = PBXFileReference; lastKnownFileType = sourcecode.swift; path = tukang_bakso_appTests.swift; sourceTree = "<group>"; };
		E54D2F3F2D5DFBE6000BEF59 /* tukang-bakso-appUITests.xctest */ = {isa = PBXFileReference; explicitFileType = wrapper.cfbundle; includeInIndex = 0; path = "tukang-bakso-appUITests.xctest"; sourceTree = BUILT_PRODUCTS_DIR; };
		E54D2F432D5DFBE6000BEF59 /* tukang_bakso_appUITests.swift */ = {isa = PBXFileReference; lastKnownFileType = sourcecode.swift; path = tukang_bakso_appUITests.swift; sourceTree = "<group>"; };
		E54D2F452D5DFBE6000BEF59 /* tukang_bakso_appUITestsLaunchTests.swift */ = {isa = PBXFileReference; lastKnownFileType = sourcecode.swift; path = tukang_bakso_appUITestsLaunchTests.swift; sourceTree = "<group>"; };
/* End PBXFileReference section */

/* Begin PBXFrameworksBuildPhase section */
		E54D2F222D5DFBE4000BEF59 /* Frameworks */ = {
			isa = PBXFrameworksBuildPhase;
			buildActionMask = 2147483647;
			files = (
			);
			runOnlyForDeploymentPostprocessing = 0;
		};
		E54D2F322D5DFBE6000BEF59 /* Frameworks */ = {
			isa = PBXFrameworksBuildPhase;
			buildActionMask = 2147483647;
			files = (
			);
			runOnlyForDeploymentPostprocessing = 0;
		};
		E54D2F3C2D5DFBE6000BEF59 /* Frameworks */ = {
			isa = PBXFrameworksBuildPhase;
			buildActionMask = 2147483647;
			files = (
			);
			runOnlyForDeploymentPostprocessing = 0;
		};
/* End PBXFrameworksBuildPhase section */

/* Begin PBXGroup section */
		E54D2F1C2D5DFBE4000BEF59 = {
			isa = PBXGroup;
			children = (
				E54D2F272D5DFBE4000BEF59 /* tukang-bakso-app */,
				E54D2F382D5DFBE6000BEF59 /* tukang-bakso-appTests */,
				E54D2F422D5DFBE6000BEF59 /* tukang-bakso-appUITests */,
				E54D2F262D5DFBE4000BEF59 /* Products */,
			);
			sourceTree = "<group>";
		};
		E54D2F262D5DFBE4000BEF59 /* Products */ = {
			isa = PBXGroup;
			children = (
				E54D2F252D5DFBE4000BEF59 /* tukang-bakso-app.app */,
				E54D2F352D5DFBE6000BEF59 /* tukang-bakso-appTests.xctest */,
				E54D2F3F2D5DFBE6000BEF59 /* tukang-bakso-appUITests.xctest */,
			);
			name = Products;
			sourceTree = "<group>";
		};
		E54D2F272D5DFBE4000BEF59 /* tukang-bakso-app */ = {
			isa = PBXGroup;
			children = (
				E54D2F282D5DFBE4000BEF59 /* tukang_bakso_appApp.swift */,
				E54D2F2A2D5DFBE4000BEF59 /* ContentView.swift */,
				E54D2F2C2D5DFBE5000BEF59 /* Assets.xcassets */,
				E54D2F2E2D5DFBE5000BEF59 /* Preview Content */,
			);
			path = "tukang-bakso-app";
			sourceTree = "<group>";
		};
		E54D2F2E2D5DFBE5000BEF59 /* Preview Content */ = {
			isa = PBXGroup;
			children = (
				E54D2F2F2D5DFBE5000BEF59 /* Preview Assets.xcassets */,
			);
			path = "Preview Content";
			sourceTree = "<group>";
		};
		E54D2F382D5DFBE6000BEF59 /* tukang-bakso-appTests */ = {
			isa = PBXGroup;
			children = (
				E54D2F392D5DFBE6000BEF59 /* tukang_bakso_appTests.swift */,
			);
			path = "tukang-bakso-appTests";
			sourceTree = "<group>";
		};
		E54D2F422D5DFBE6000BEF59 /* tukang-bakso-appUITests */ = {
			isa = PBXGroup;
			children = (
				E54D2F432D5DFBE6000BEF59 /* tukang_bakso_appUITests.swift */,
				E54D2F452D5DFBE6000BEF59 /* tukang_bakso_appUITestsLaunchTests.swift */,
			);
			path = "tukang-bakso-appUITests";
			sourceTree = "<group>";
		};
/* End PBXGroup section */

/* Begin PBXNativeTarget section */
		E54D2F242D5DFBE4000BEF59 /* tukang-bakso-app */ = {
			isa = PBXNativeTarget;
			buildConfigurationList = E54D2F492D5DFBE6000BEF59 /* Build configuration list for PBXNativeTarget "tukang-bakso-app" */;
			buildPhases = (
				E54D2F212D5DFBE4000BEF59 /* Sources */,
				E54D2F222D5DFBE4000BEF59 /* Frameworks */,
				E54D2F232D5DFBE4000BEF59 /* Resources */,
			);
			buildRules = (
			);
			dependencies = (
			);
			name = "tukang-bakso-app";
			productName = "tukang-bakso-app";
			productReference = E54D2F252D5DFBE4000BEF59 /* tukang-bakso-app.app */;
			productType = "com.apple.product-type.application";
		};
		E54D2F342D5DFBE6000BEF59 /* tukang-bakso-appTests */ = {
			isa = PBXNativeTarget;
			buildConfigurationList = E54D2F4C2D5DFBE6000BEF59 /* Build configuration list for PBXNativeTarget "tukang-bakso-appTests" */;
			buildPhases = (
				E54D2F312D5DFBE6000BEF59 /* Sources */,
				E54D2F322D5DFBE6000BEF59 /* Frameworks */,
				E54D2F332D5DFBE6000BEF59 /* Resources */,
			);
			buildRules = (
			);
			dependencies = (
				E54D2F372D5DFBE6000BEF59 /* PBXTargetDependency */,
			);
			name = "tukang-bakso-appTests";
			productName = "tukang-bakso-appTests";
			productReference = E54D2F352D5DFBE6000BEF59 /* tukang-bakso-appTests.xctest */;
			productType = "com.apple.product-type.bundle.unit-test";
		};
		E54D2F3E2D5DFBE6000BEF59 /* tukang-bakso-appUITests */ = {
			isa = PBXNativeTarget;
			buildConfigurationList = E54D2F4F2D5DFBE6000BEF59 /* Build configuration list for PBXNativeTarget "tukang-bakso-appUITests" */;
			buildPhases = (
				E54D2F3B2D5DFBE6000BEF59 /* Sources */,
				E54D2F3C2D5DFBE6000BEF59 /* Frameworks */,
				E54D2F3D2D5DFBE6000BEF59 /* Resources */,
			);
			buildRules = (
			);
			dependencies = (
				E54D2F412D5DFBE6000BEF59 /* PBXTargetDependency */,
			);
			name = "tukang-bakso-appUITests";
			productName = "tukang-bakso-appUITests";
			productReference = E54D2F3F2D5DFBE6000BEF59 /* tukang-bakso-appUITests.xctest */;
			productType = "com.apple.product-type.bundle.ui-testing";
		};
/* End PBXNativeTarget section */

/* Begin PBXProject section */
		E54D2F1D2D5DFBE4000BEF59 /* Project object */ = {
			isa = PBXProject;
			attributes = {
				BuildIndependentTargetsInParallel = 1;
				LastSwiftUpdateCheck = 1520;
				LastUpgradeCheck = 1520;
				TargetAttributes = {
					E54D2F242D5DFBE4000BEF59 = {
						CreatedOnToolsVersion = 15.2;
					};
					E54D2F342D5DFBE6000BEF59 = {
						CreatedOnToolsVersion = 15.2;
						TestTargetID = E54D2F242D5DFBE4000BEF59;
					};
					E54D2F3E2D5DFBE6000BEF59 = {
						CreatedOnToolsVersion = 15.2;
						TestTargetID = E54D2F242D5DFBE4000BEF59;
					};
				};
			};
			buildConfigurationList = E54D2F202D5DFBE4000BEF59 /* Build configuration list for PBXProject "tukang-bakso-app" */;
			compatibilityVersion = "Xcode 14.0";
			developmentRegion = en;
			hasScannedForEncodings = 0;
			knownRegions = (
				en,
				Base,
			);
			mainGroup = E54D2F1C2D5DFBE4000BEF59;
			productRefGroup = E54D2F262D5DFBE4000BEF59 /* Products */;
			projectDirPath = "";
			projectRoot = "";
			targets = (
				E54D2F242D5DFBE4000BEF59 /* tukang-bakso-app */,
				E54D2F342D5DFBE6000BEF59 /* tukang-bakso-appTests */,
				E54D2F3E2D5DFBE6000BEF59 /* tukang-bakso-appUITests */,
			);
		};
/* End PBXProject section */

/* Begin PBXResourcesBuildPhase section */
		E54D2F232D5DFBE4000BEF59 /* Resources */ = {
			isa = PBXResourcesBuildPhase;
			buildActionMask = 2147483647;
			files = (
				E54D2F302D5DFBE5000BEF59 /* Preview Assets.xcassets in Resources */,
				E54D2F2D2D5DFBE5000BEF59 /* Assets.xcassets in Resources */,
			);
			runOnlyForDeploymentPostprocessing = 0;
		};
		E54D2F332D5DFBE6000BEF59 /* Resources */ = {
			isa = PBXResourcesBuildPhase;
			buildActionMask = 2147483647;
			files = (
			);
			runOnlyForDeploymentPostprocessing = 0;
		};
		E54D2F3D2D5DFBE6000BEF59 /* Resources */ = {
			isa = PBXResourcesBuildPhase;
			buildActionMask = 2147483647;
			files = (
			);
			runOnlyForDeploymentPostprocessing = 0;
		};
/* End PBXResourcesBuildPhase section */

/* Begin PBXSourcesBuildPhase section */
		E54D2F212D5DFBE4000BEF59 /* Sources */ = {
			isa = PBXSourcesBuildPhase;
			buildActionMask = 2147483647;
			files = (
				E54D2F2B2D5DFBE4000BEF59 /* ContentView.swift in Sources */,
				E54D2F292D5DFBE4000BEF59 /* tukang_bakso_appApp.swift in Sources */,
			);
			runOnlyForDeploymentPostprocessing = 0;
		};
		E54D2F312D5DFBE6000BEF59 /* Sources */ = {
			isa = PBXSourcesBuildPhase;
			buildActionMask = 2147483647;
			files = (
				E54D2F3A2D5DFBE6000BEF59 /* tukang_bakso_appTests.swift in Sources */,
			);
			runOnlyForDeploymentPostprocessing = 0;
		};
		E54D2F3B2D5DFBE6000BEF59 /* Sources */ = {
			isa = PBXSourcesBuildPhase;
			buildActionMask = 2147483647;
			files = (
				E54D2F442D5DFBE6000BEF59 /* tukang_bakso_appUITests.swift in Sources */,
				E54D2F462D5DFBE6000BEF59 /* tukang_bakso_appUITestsLaunchTests.swift in Sources */,
			);
			runOnlyForDeploymentPostprocessing = 0;
		};
/* End PBXSourcesBuildPhase section */

/* Begin PBXTargetDependency section */
		E54D2F372D5DFBE6000BEF59 /* PBXTargetDependency */ = {
			isa = PBXTargetDependency;
			target = E54D2F242D5DFBE4000BEF59 /* tukang-bakso-app */;
			targetProxy = E54D2F362D5DFBE6000BEF59 /* PBXContainerItemProxy */;
		};
		E54D2F412D5DFBE6000BEF59 /* PBXTargetDependency */ = {
			isa = PBXTargetDependency;
			target = E54D2F242D5DFBE4000BEF59 /* tukang-bakso-app */;
			targetProxy = E54D2F402D5DFBE6000BEF59 /* PBXContainerItemProxy */;
		};
/* End PBXTargetDependency section */

/* Begin XCBuildConfiguration section */
		E54D2F472D5DFBE6000BEF59 /* Debug */ = {
			isa = XCBuildConfiguration;
			buildSettings = {
				ALWAYS_SEARCH_USER_PATHS = NO;
				ASSETCATALOG_COMPILER_GENERATE_SWIFT_ASSET_SYMBOL_EXTENSIONS = YES;
				CLANG_ANALYZER_NONNULL = YES;
				CLANG_ANALYZER_NUMBER_OBJECT_CONVERSION = YES_AGGRESSIVE;
				CLANG_CXX_LANGUAGE_STANDARD = "gnu++20";
				CLANG_ENABLE_MODULES = YES;
				CLANG_ENABLE_OBJC_ARC = YES;
				CLANG_ENABLE_OBJC_WEAK = YES;
				CLANG_WARN_BLOCK_CAPTURE_AUTORELEASING = YES;
				CLANG_WARN_BOOL_CONVERSION = YES;
				CLANG_WARN_COMMA = YES;
				CLANG_WARN_CONSTANT_CONVERSION = YES;
				CLANG_WARN_DEPRECATED_OBJC_IMPLEMENTATIONS = YES;
				CLANG_WARN_DIRECT_OBJC_ISA_USAGE = YES_ERROR;
				CLANG_WARN_DOCUMENTATION_COMMENTS = YES;
				CLANG_WARN_EMPTY_BODY = YES;
				CLANG_WARN_ENUM_CONVERSION = YES;
				CLANG_WARN_INFINITE_RECURSION = YES;
				CLANG_WARN_INT_CONVERSION = YES;
				CLANG_WARN_NON_LITERAL_NULL_CONVERSION = YES;
				CLANG_WARN_OBJC_IMPLICIT_RETAIN_SELF = YES;
				CLANG_WARN_OBJC_LITERAL_CONVERSION = YES;
				CLANG_WARN_OBJC_ROOT_CLASS = YES_ERROR;
				CLANG_WARN_QUOTED_INCLUDE_IN_FRAMEWORK_HEADER = YES;
				CLANG_WARN_RANGE_LOOP_ANALYSIS = YES;
				CLANG_WARN_STRICT_PROTOTYPES = YES;
				CLANG_WARN_SUSPICIOUS_MOVE = YES;
				CLANG_WARN_UNGUARDED_AVAILABILITY = YES_AGGRESSIVE;
				CLANG_WARN_UNREACHABLE_CODE = YES;
				CLANG_WARN__DUPLICATE_METHOD_MATCH = YES;
				COPY_PHASE_STRIP = NO;
				DEBUG_INFORMATION_FORMAT = dwarf;
				ENABLE_STRICT_OBJC_MSGSEND = YES;
				ENABLE_TESTABILITY = YES;
				ENABLE_USER_SCRIPT_SANDBOXING = YES;
				GCC_C_LANGUAGE_STANDARD = gnu17;
				GCC_DYNAMIC_NO_PIC = NO;
				GCC_NO_COMMON_BLOCKS = YES;
				GCC_OPTIMIZATION_LEVEL = 0;
				GCC_PREPROCESSOR_DEFINITIONS = (
					"DEBUG=1",
					"$(inherited)",
				);
				GCC_WARN_64_TO_32_BIT_CONVERSION = YES;
				GCC_WARN_ABOUT_RETURN_TYPE = YES_ERROR;
				GCC_WARN_UNDECLARED_SELECTOR = YES;
				GCC_WARN_UNINITIALIZED_AUTOS = YES_AGGRESSIVE;
				GCC_WARN_UNUSED_FUNCTION = YES;
				GCC_WARN_UNUSED_VARIABLE = YES;
				IPHONEOS_DEPLOYMENT_TARGET = 17.2;
				LOCALIZATION_PREFERS_STRING_CATALOGS = YES;
				MTL_ENABLE_DEBUG_INFO = INCLUDE_SOURCE;
				MTL_FAST_MATH = YES;
				ONLY_ACTIVE_ARCH = YES;
				SDKROOT = iphoneos;
				SWIFT_ACTIVE_COMPILATION_CONDITIONS = "DEBUG $(inherited)";
				SWIFT_OPTIMIZATION_LEVEL = "-Onone";
			};
			name = Debug;
		};
		E54D2F482D5DFBE6000BEF59 /* Release */ = {
			isa = XCBuildConfiguration;
			buildSettings = {
				ALWAYS_SEARCH_USER_PATHS = NO;
				ASSETCATALOG_COMPILER_GENERATE_SWIFT_ASSET_SYMBOL_EXTENSIONS = YES;
				CLANG_ANALYZER_NONNULL = YES;
				CLANG_ANALYZER_NUMBER_OBJECT_CONVERSION = YES_AGGRESSIVE;
				CLANG_CXX_LANGUAGE_STANDARD = "gnu++20";
				CLANG_ENABLE_MODULES = YES;
				CLANG_ENABLE_OBJC_ARC = YES;
				CLANG_ENABLE_OBJC_WEAK = YES;
				CLANG_WARN_BLOCK_CAPTURE_AUTORELEASING = YES;
				CLANG_WARN_BOOL_CONVERSION = YES;
				CLANG_WARN_COMMA = YES;
				CLANG_WARN_CONSTANT_CONVERSION = YES;
				CLANG_WARN_DEPRECATED_OBJC_IMPLEMENTATIONS = YES;
				CLANG_WARN_DIRECT_OBJC_ISA_USAGE = YES_ERROR;
				CLANG_WARN_DOCUMENTATION_COMMENTS = YES;
				CLANG_WARN_EMPTY_BODY = YES;
				CLANG_WARN_ENUM_CONVERSION = YES;
				CLANG_WARN_INFINITE_RECURSION = YES;
				CLANG_WARN_INT_CONVERSION = YES;
				CLANG_WARN_NON_LITERAL_NULL_CONVERSION = YES;
				CLANG_WARN_OBJC_IMPLICIT_RETAIN_SELF = YES;
				CLANG_WARN_OBJC_LITERAL_CONVERSION = YES;
				CLANG_WARN_OBJC_ROOT_CLASS = YES_ERROR;
				CLANG_WARN_QUOTED_INCLUDE_IN_FRAMEWORK_HEADER = YES;
				CLANG_WARN_RANGE_LOOP_ANALYSIS = YES;
				CLANG_WARN_STRICT_PROTOTYPES = YES;
				CLANG_WARN_SUSPICIOUS_MOVE = YES;
				CLANG_WARN_UNGUARDED_AVAILABILITY = YES_AGGRESSIVE;
				CLANG_WARN_UNREACHABLE_CODE = YES;
				CLANG_WARN__DUPLICATE_METHOD_MATCH = YES;
				COPY_PHASE_STRIP = NO;
				DEBUG_INFORMATION_FORMAT = "dwarf-with-dsym";
				ENABLE_NS_ASSERTIONS = NO;
				ENABLE_STRICT_OBJC_MSGSEND = YES;
				ENABLE_USER_SCRIPT_SANDBOXING = YES;
				GCC_C_LANGUAGE_STANDARD = gnu17;
				GCC_NO_COMMON_BLOCKS = YES;
				GCC_WARN_64_TO_32_BIT_CONVERSION = YES;
				GCC_WARN_ABOUT_RETURN_TYPE = YES_ERROR;
				GCC_WARN_UNDECLARED_SELECTOR = YES;
				GCC_WARN_UNINITIALIZED_AUTOS = YES_AGGRESSIVE;
				GCC_WARN_UNUSED_FUNCTION = YES;
				GCC_WARN_UNUSED_VARIABLE = YES;
				IPHONEOS_DEPLOYMENT_TARGET = 17.2;
				LOCALIZATION_PREFERS_STRING_CATALOGS = YES;
				MTL_ENABLE_DEBUG_INFO = NO;
				MTL_FAST_MATH = YES;
				SDKROOT = iphoneos;
				SWIFT_COMPILATION_MODE = wholemodule;
				VALIDATE_PRODUCT = YES;
			};
			name = Release;
		};
		E54D2F4A2D5DFBE6000BEF59 /* Debug */ = {
			isa = XCBuildConfiguration;
			buildSettings = {
				ASSETCATALOG_COMPILER_APPICON_NAME = AppIcon;
				ASSETCATALOG_COMPILER_GLOBAL_ACCENT_COLOR_NAME = AccentColor;
				CODE_SIGN_STYLE = Automatic;
				CURRENT_PROJECT_VERSION = 1;
				DEVELOPMENT_ASSET_PATHS = "\"tukang-bakso-app/Preview Content\"";
				DEVELOPMENT_TEAM = F67J5L3Z4N;
				ENABLE_PREVIEWS = YES;
				GENERATE_INFOPLIST_FILE = YES;
				INFOPLIST_KEY_UIApplicationSceneManifest_Generation = YES;
				INFOPLIST_KEY_UIApplicationSupportsIndirectInputEvents = YES;
				INFOPLIST_KEY_UILaunchScreen_Generation = YES;
				INFOPLIST_KEY_UISupportedInterfaceOrientations_iPad = "UIInterfaceOrientationPortrait UIInterfaceOrientationPortraitUpsideDown UIInterfaceOrientationLandscapeLeft UIInterfaceOrientationLandscapeRight";
				INFOPLIST_KEY_UISupportedInterfaceOrientations_iPhone = "UIInterfaceOrientationPortrait UIInterfaceOrientationLandscapeLeft UIInterfaceOrientationLandscapeRight";
				LD_RUNPATH_SEARCH_PATHS = (
					"$(inherited)",
					"@executable_path/Frameworks",
				);
				MARKETING_VERSION = 1.0;
				PRODUCT_BUNDLE_IDENTIFIER = "id.uliandana.tukang-bakso-app";
				PRODUCT_NAME = "$(TARGET_NAME)";
				SWIFT_EMIT_LOC_STRINGS = YES;
				SWIFT_VERSION = 5.0;
				TARGETED_DEVICE_FAMILY = "1,2";
			};
			name = Debug;
		};
		E54D2F4B2D5DFBE6000BEF59 /* Release */ = {
			isa = XCBuildConfiguration;
			buildSettings = {
				ASSETCATALOG_COMPILER_APPICON_NAME = AppIcon;
				ASSETCATALOG_COMPILER_GLOBAL_ACCENT_COLOR_NAME = AccentColor;
				CODE_SIGN_STYLE = Automatic;
				CURRENT_PROJECT_VERSION = 1;
				DEVELOPMENT_ASSET_PATHS = "\"tukang-bakso-app/Preview Content\"";
				DEVELOPMENT_TEAM = F67J5L3Z4N;
				ENABLE_PREVIEWS = YES;
				GENERATE_INFOPLIST_FILE = YES;
				INFOPLIST_KEY_UIApplicationSceneManifest_Generation = YES;
				INFOPLIST_KEY_UIApplicationSupportsIndirectInputEvents = YES;
				INFOPLIST_KEY_UILaunchScreen_Generation = YES;
				INFOPLIST_KEY_UISupportedInterfaceOrientations_iPad = "UIInterfaceOrientationPortrait UIInterfaceOrientationPortraitUpsideDown UIInterfaceOrientationLandscapeLeft UIInterfaceOrientationLandscapeRight";
				INFOPLIST_KEY_UISupportedInterfaceOrientations_iPhone = "UIInterfaceOrientationPortrait UIInterfaceOrientationLandscapeLeft UIInterfaceOrientationLandscapeRight";
				LD_RUNPATH_SEARCH_PATHS = (
					"$(inherited)",
					"@executable_path/Frameworks",
				);
				MARKETING_VERSION = 1.0;
				PRODUCT_BUNDLE_IDENTIFIER = "id.uliandana.tukang-bakso-app";
				PRODUCT_NAME = "$(TARGET_NAME)";
				SWIFT_EMIT_LOC_STRINGS = YES;
				SWIFT_VERSION = 5.0;
				TARGETED_DEVICE_FAMILY = "1,2";
			};
			name = Release;
		};
		E54D2F4D2D5DFBE6000BEF59 /* Debug */ = {
			isa = XCBuildConfiguration;
			buildSettings = {
				ALWAYS_EMBED_SWIFT_STANDARD_LIBRARIES = YES;
				BUNDLE_LOADER = "$(TEST_HOST)";
				CODE_SIGN_STYLE = Automatic;
				CURRENT_PROJECT_VERSION = 1;
				DEVELOPMENT_TEAM = F67J5L3Z4N;
				GENERATE_INFOPLIST_FILE = YES;
				IPHONEOS_DEPLOYMENT_TARGET = 17.2;
				MARKETING_VERSION = 1.0;
				PRODUCT_BUNDLE_IDENTIFIER = "id.uliandana.tukang-bakso-appTests";
				PRODUCT_NAME = "$(TARGET_NAME)";
				SWIFT_EMIT_LOC_STRINGS = NO;
				SWIFT_VERSION = 5.0;
				TARGETED_DEVICE_FAMILY = "1,2";
				TEST_HOST = "$(BUILT_PRODUCTS_DIR)/tukang-bakso-app.app/$(BUNDLE_EXECUTABLE_FOLDER_PATH)/tukang-bakso-app";
			};
			name = Debug;
		};
		E54D2F4E2D5DFBE6000BEF59 /* Release */ = {
			isa = XCBuildConfiguration;
			buildSettings = {
				ALWAYS_EMBED_SWIFT_STANDARD_LIBRARIES = YES;
				BUNDLE_LOADER = "$(TEST_HOST)";
				CODE_SIGN_STYLE = Automatic;
				CURRENT_PROJECT_VERSION = 1;
				DEVELOPMENT_TEAM = F67J5L3Z4N;
				GENERATE_INFOPLIST_FILE = YES;
				IPHONEOS_DEPLOYMENT_TARGET = 17.2;
				MARKETING_VERSION = 1.0;
				PRODUCT_BUNDLE_IDENTIFIER = "id.uliandana.tukang-bakso-appTests";
				PRODUCT_NAME = "$(TARGET_NAME)";
				SWIFT_EMIT_LOC_STRINGS = NO;
				SWIFT_VERSION = 5.0;
				TARGETED_DEVICE_FAMILY = "1,2";
				TEST_HOST = "$(BUILT_PRODUCTS_DIR)/tukang-bakso-app.app/$(BUNDLE_EXECUTABLE_FOLDER_PATH)/tukang-bakso-app";
			};
			name = Release;
		};
		E54D2F502D5DFBE6000BEF59 /* Debug */ = {
			isa = XCBuildConfiguration;
			buildSettings = {
				ALWAYS_EMBED_SWIFT_STANDARD_LIBRARIES = YES;
				CODE_SIGN_STYLE = Automatic;
				CURRENT_PROJECT_VERSION = 1;
				DEVELOPMENT_TEAM = F67J5L3Z4N;
				GENERATE_INFOPLIST_FILE = YES;
				MARKETING_VERSION = 1.0;
				PRODUCT_BUNDLE_IDENTIFIER = "id.uliandana.tukang-bakso-appUITests";
				PRODUCT_NAME = "$(TARGET_NAME)";
				SWIFT_EMIT_LOC_STRINGS = NO;
				SWIFT_VERSION = 5.0;
				TARGETED_DEVICE_FAMILY = "1,2";
				TEST_TARGET_NAME = "tukang-bakso-app";
			};
			name = Debug;
		};
		E54D2F512D5DFBE6000BEF59 /* Release */ = {
			isa = XCBuildConfiguration;
			buildSettings = {
				ALWAYS_EMBED_SWIFT_STANDARD_LIBRARIES = YES;
				CODE_SIGN_STYLE = Automatic;
				CURRENT_PROJECT_VERSION = 1;
				DEVELOPMENT_TEAM = F67J5L3Z4N;
				GENERATE_INFOPLIST_FILE = YES;
				MARKETING_VERSION = 1.0;
				PRODUCT_BUNDLE_IDENTIFIER = "id.uliandana.tukang-bakso-appUITests";
				PRODUCT_NAME = "$(TARGET_NAME)";
				SWIFT_EMIT_LOC_STRINGS = NO;
				SWIFT_VERSION = 5.0;
				TARGETED_DEVICE_FAMILY = "1,2";
				TEST_TARGET_NAME = "tukang-bakso-app";
			};
			name = Release;
		};
/* End XCBuildConfiguration section */

/* Begin XCConfigurationList section */
		E54D2F202D5DFBE4000BEF59 /* Build configuration list for PBXProject "tukang-bakso-app" */ = {
			isa = XCConfigurationList;
			buildConfigurations = (
				E54D2F472D5DFBE6000BEF59 /* Debug */,
				E54D2F482D5DFBE6000BEF59 /* Release */,
			);
			defaultConfigurationIsVisible = 0;
			defaultConfigurationName = Release;
		};
		E54D2F492D5DFBE6000BEF59 /* Build configuration list for PBXNativeTarget "tukang-bakso-app" */ = {
			isa = XCConfigurationList;
			buildConfigurations = (
				E54D2F4A2D5DFBE6000BEF59 /* Debug */,
				E54D2F4B2D5DFBE6000BEF59 /* Release */,
			);
			defaultConfigurationIsVisible = 0;
			defaultConfigurationName = Release;
		};
		E54D2F4C2D5DFBE6000BEF59 /* Build configuration list for PBXNativeTarget "tukang-bakso-appTests" */ = {
			isa = XCConfigurationList;
			buildConfigurations = (
				E54D2F4D2D5DFBE6000BEF59 /* Debug */,
				E54D2F4E2D5DFBE6000BEF59 /* Release */,
			);
			defaultConfigurationIsVisible = 0;
			defaultConfigurationName = Release;
		};
		E54D2F4F2D5DFBE6000BEF59 /* Build configuration list for PBXNativeTarget "tukang-bakso-appUITests" */ = {
			isa = XCConfigurationList;
			buildConfigurations = (
				E54D2F502D5DFBE6000BEF59 /* Debug */,
				E54D2F512D5DFBE6000BEF59 /* Release */,
			);
			defaultConfigurationIsVisible = 0;
			defaultConfigurationName = Release;
		};
/* End XCConfigurationList section */
	};
	rootObject = E54D2F1D2D5DFBE4000BEF59 /* Project object */;
}
